
Microsoft Visual Studio Solution File, Format Version 12.00
# Visual Studio Version 17
VisualStudioVersion = 17.11.35327.3
MinimumVisualStudioVersion = 10.0.40219.1
Project("{FAE04EC0-301F-11D3-BF4B-00C04F79EFBC}") = "20_12_2024_orijinal_ders", "20_12_2024_orijinal_ders.csproj", "{755122E0-8781-4F96-91B5-4FAC22F46668}"
EndProject
Global
	GlobalSection(SolutionConfigurationPlatforms) = preSolution
		Debug|Any CPU = Debug|Any CPU
		Release|Any CPU = Release|Any CPU
	EndGlobalSection
	GlobalSection(ProjectConfigurationPlatforms) = postSolution
		{755122E0-8781-4F96-91B5-4FAC22F46668}.Debug|Any CPU.ActiveCfg = Debug|Any CPU
		{755122E0-8781-4F96-91B5-4FAC22F46668}.Debug|Any CPU.Build.0 = Debug|Any CPU
		{755122E0-8781-4F96-91B5-4FAC22F46668}.Release|Any CPU.ActiveCfg = Release|Any CPU
		{755122E0-8781-4F96-91B5-4FAC22F46668}.Release|Any CPU.Build.0 = Release|Any CPU
	EndGlobalSection
	GlobalSection(SolutionProperties) = preSolution
		HideSolutionNode = FALSE
	EndGlobalSection
	GlobalSection(ExtensibilityGlobals) = postSolution
		SolutionGuid = {557A6569-F26C-469F-B037-EBBDD40CECA2}
	EndGlobalSection
EndGlobal
