
Microsoft Visual Studio Solution File, Format Version 12.00
# Visual Studio Version 17
VisualStudioVersion = 17.11.35327.3
MinimumVisualStudioVersion = 10.0.40219.1
Project("{FAE04EC0-301F-11D3-BF4B-00C04F79EFBC}") = "emlak_otomasyonu_lab", "emlak_otomasyonu_lab.csproj", "{47B1506F-C50A-4EED-8BCB-26A392F633C3}"
EndProject
Global
	GlobalSection(SolutionConfigurationPlatforms) = preSolution
		Debug|Any CPU = Debug|Any CPU
		Release|Any CPU = Release|Any CPU
	EndGlobalSection
	GlobalSection(ProjectConfigurationPlatforms) = postSolution
		{47B1506F-C50A-4EED-8BCB-26A392F633C3}.Debug|Any CPU.ActiveCfg = Debug|Any CPU
		{47B1506F-C50A-4EED-8BCB-26A392F633C3}.Debug|Any CPU.Build.0 = Debug|Any CPU
		{47B1506F-C50A-4EED-8BCB-26A392F633C3}.Release|Any CPU.ActiveCfg = Release|Any CPU
		{47B1506F-C50A-4EED-8BCB-26A392F633C3}.Release|Any CPU.Build.0 = Release|Any CPU
	EndGlobalSection
	GlobalSection(SolutionProperties) = preSolution
		HideSolutionNode = FALSE
	EndGlobalSection
	GlobalSection(ExtensibilityGlobals) = postSolution
		SolutionGuid = {0AC27C9B-F6BC-4DCF-9D11-F933BA88FD3F}
	EndGlobalSection
EndGlobal
