
Microsoft Visual Studio Solution File, Format Version 12.00
# Visual Studio Version 17
VisualStudioVersion = 17.11.35327.3
MinimumVisualStudioVersion = 10.0.40219.1
Project("{FAE04EC0-301F-11D3-BF4B-00C04F79EFBC}") = "Exceptions", "Exceptions.csproj", "{5902A446-43B9-4E89-AFB9-838B935EA1FF}"
EndProject
Global
	GlobalSection(SolutionConfigurationPlatforms) = preSolution
		Debug|Any CPU = Debug|Any CPU
		Release|Any CPU = Release|Any CPU
	EndGlobalSection
	GlobalSection(ProjectConfigurationPlatforms) = postSolution
		{5902A446-43B9-4E89-AFB9-838B935EA1FF}.Debug|Any CPU.ActiveCfg = Debug|Any CPU
		{5902A446-43B9-4E89-AFB9-838B935EA1FF}.Debug|Any CPU.Build.0 = Debug|Any CPU
		{5902A446-43B9-4E89-AFB9-838B935EA1FF}.Release|Any CPU.ActiveCfg = Release|Any CPU
		{5902A446-43B9-4E89-AFB9-838B935EA1FF}.Release|Any CPU.Build.0 = Release|Any CPU
	EndGlobalSection
	GlobalSection(SolutionProperties) = preSolution
		HideSolutionNode = FALSE
	EndGlobalSection
	GlobalSection(ExtensibilityGlobals) = postSolution
		SolutionGuid = {E38C8499-404F-472A-B06B-B5FCC20E1F10}
	EndGlobalSection
EndGlobal
