
Microsoft Visual Studio Solution File, Format Version 12.00
# Visual Studio Version 17
VisualStudioVersion = 17.11.35327.3
MinimumVisualStudioVersion = 10.0.40219.1
Project("{FAE04EC0-301F-11D3-BF4B-00C04F79EFBC}") = "final_exam_string_functions_", "final_exam_string_functions_.csproj", "{0571B43E-D25E-42A4-93D0-FF4F0E3D928F}"
EndProject
Global
	GlobalSection(SolutionConfigurationPlatforms) = preSolution
		Debug|Any CPU = Debug|Any CPU
		Release|Any CPU = Release|Any CPU
	EndGlobalSection
	GlobalSection(ProjectConfigurationPlatforms) = postSolution
		{0571B43E-D25E-42A4-93D0-FF4F0E3D928F}.Debug|Any CPU.ActiveCfg = Debug|Any CPU
		{0571B43E-D25E-42A4-93D0-FF4F0E3D928F}.Debug|Any CPU.Build.0 = Debug|Any CPU
		{0571B43E-D25E-42A4-93D0-FF4F0E3D928F}.Release|Any CPU.ActiveCfg = Release|Any CPU
		{0571B43E-D25E-42A4-93D0-FF4F0E3D928F}.Release|Any CPU.Build.0 = Release|Any CPU
	EndGlobalSection
	GlobalSection(SolutionProperties) = preSolution
		HideSolutionNode = FALSE
	EndGlobalSection
	GlobalSection(ExtensibilityGlobals) = postSolution
		SolutionGuid = {4688CE9F-E322-4FDC-B3D7-26C4AA83D406}
	EndGlobalSection
EndGlobal
