
Microsoft Visual Studio Solution File, Format Version 12.00
# Visual Studio Version 17
VisualStudioVersion = 17.11.35327.3
MinimumVisualStudioVersion = 10.0.40219.1
Project("{FAE04EC0-301F-11D3-BF4B-00C04F79EFBC}") = "final_calismasi", "final_calismasi.csproj", "{745B84DA-2DD5-40C4-8EDC-2C634FB14684}"
EndProject
Global
	GlobalSection(SolutionConfigurationPlatforms) = preSolution
		Debug|Any CPU = Debug|Any CPU
		Release|Any CPU = Release|Any CPU
	EndGlobalSection
	GlobalSection(ProjectConfigurationPlatforms) = postSolution
		{745B84DA-2DD5-40C4-8EDC-2C634FB14684}.Debug|Any CPU.ActiveCfg = Debug|Any CPU
		{745B84DA-2DD5-40C4-8EDC-2C634FB14684}.Debug|Any CPU.Build.0 = Debug|Any CPU
		{745B84DA-2DD5-40C4-8EDC-2C634FB14684}.Release|Any CPU.ActiveCfg = Release|Any CPU
		{745B84DA-2DD5-40C4-8EDC-2C634FB14684}.Release|Any CPU.Build.0 = Release|Any CPU
	EndGlobalSection
	GlobalSection(SolutionProperties) = preSolution
		HideSolutionNode = FALSE
	EndGlobalSection
	GlobalSection(ExtensibilityGlobals) = postSolution
		SolutionGuid = {E38EA8FE-9FA9-4B90-9580-3AEF71A71559}
	EndGlobalSection
EndGlobal
