
Microsoft Visual Studio Solution File, Format Version 12.00
# Visual Studio Version 17
VisualStudioVersion = 17.11.35327.3
MinimumVisualStudioVersion = 10.0.40219.1
Project("{FAE04EC0-301F-11D3-BF4B-00C04F79EFBC}") = "veri_yapilari_guz", "veri_yapilari_guz.csproj", "{ADED650F-C84D-4BAD-8D44-2A4B151AF112}"
EndProject
Global
	GlobalSection(SolutionConfigurationPlatforms) = preSolution
		Debug|Any CPU = Debug|Any CPU
		Release|Any CPU = Release|Any CPU
	EndGlobalSection
	GlobalSection(ProjectConfigurationPlatforms) = postSolution
		{ADED650F-C84D-4BAD-8D44-2A4B151AF112}.Debug|Any CPU.ActiveCfg = Debug|Any CPU
		{ADED650F-C84D-4BAD-8D44-2A4B151AF112}.Debug|Any CPU.Build.0 = Debug|Any CPU
		{ADED650F-C84D-4BAD-8D44-2A4B151AF112}.Release|Any CPU.ActiveCfg = Release|Any CPU
		{ADED650F-C84D-4BAD-8D44-2A4B151AF112}.Release|Any CPU.Build.0 = Release|Any CPU
	EndGlobalSection
	GlobalSection(SolutionProperties) = preSolution
		HideSolutionNode = FALSE
	EndGlobalSection
	GlobalSection(ExtensibilityGlobals) = postSolution
		SolutionGuid = {42291C03-20DB-4E63-87B0-097553B4E62E}
	EndGlobalSection
EndGlobal
