
Microsoft Visual Studio Solution File, Format Version 12.00
# Visual Studio Version 17
VisualStudioVersion = 17.11.35327.3
MinimumVisualStudioVersion = 10.0.40219.1
Project("{FAE04EC0-301F-11D3-BF4B-00C04F79EFBC}") = "yapısal_but_calismasi_10_07_25", "yapısal_but_calismasi_10_07_25.csproj", "{A71B6F06-839E-403A-9AF2-308959C005E6}"
EndProject
Global
	GlobalSection(SolutionConfigurationPlatforms) = preSolution
		Debug|Any CPU = Debug|Any CPU
		Release|Any CPU = Release|Any CPU
	EndGlobalSection
	GlobalSection(ProjectConfigurationPlatforms) = postSolution
		{A71B6F06-839E-403A-9AF2-308959C005E6}.Debug|Any CPU.ActiveCfg = Debug|Any CPU
		{A71B6F06-839E-403A-9AF2-308959C005E6}.Debug|Any CPU.Build.0 = Debug|Any CPU
		{A71B6F06-839E-403A-9AF2-308959C005E6}.Release|Any CPU.ActiveCfg = Release|Any CPU
		{A71B6F06-839E-403A-9AF2-308959C005E6}.Release|Any CPU.Build.0 = Release|Any CPU
	EndGlobalSection
	GlobalSection(SolutionProperties) = preSolution
		HideSolutionNode = FALSE
	EndGlobalSection
	GlobalSection(ExtensibilityGlobals) = postSolution
		SolutionGuid = {7EA21CB3-B787-4B45-A5C0-24DCEFE875A6}
	EndGlobalSection
EndGlobal
